{
  "object": {
    "pins": [
      {
        "package": "LegacyScrollView",
        "repositoryURL": "https://github.com/perimeter-inc/LegacyScrollView",
        "state": {
          "branch": null,
          "revision": "8537862ddb7954cf8932b38758f0fb32fb6afdff",
          "version": "2.0.0"
        }
      }
    ]
  },
  "version": 1
}
