{
  "object": {
    "pins": [
      {
        "package": "LegacyScrollView",
        "repositoryURL": "https://github.com/bwide/LegacyScrollView",
        "state": {
          "branch": null,
          "revision": "31a34dde5d32e29366e5f823f29619fec1bbe822",
          "version": "1.1.0"
        }
      }
    ]
  },
  "version": 1
}
